Microsoft Visual Studio Solution File, Format Version 9.00
# Visual Studio 2005
Project("{FAE04EC0-301F-11D3-BF4B-00C04F79EFBC}") = "WindowsApplication1", "WindowsApplication1\WindowsApplication1.csproj", "{15E2D5D9-42C7-4CD9-9697-EF8CDFA0C161}"
EndProject
Global
	GlobalSection(SolutionConfigurationPlatforms) = preSolution
		Debug|Any CPU = Debug|Any CPU
		Release|Any CPU = Release|Any CPU
	EndGlobalSection
	GlobalSection(ProjectConfigurationPlatforms) = postSolution
		{15E2D5D9-42C7-4CD9-9697-EF8CDFA0C161}.Debug|Any CPU.ActiveCfg = Debug|Any CPU
		{15E2D5D9-42C7-4CD9-9697-EF8CDFA0C161}.Debug|Any CPU.Build.0 = Debug|Any CPU
		{15E2D5D9-42C7-4CD9-9697-EF8CDFA0C161}.Release|Any CPU.ActiveCfg = Release|Any CPU
		{15E2D5D9-42C7-4CD9-9697-EF8CDFA0C161}.Release|Any CPU.Build.0 = Release|Any CPU
	EndGlobalSection
	GlobalSection(SolutionProperties) = preSolution
		HideSolutionNode = FALSE
	EndGlobalSection
EndGlobal
